# This file is autogenerated, do not edit; changes may be undone by the next 'dep ensure'.


[[projects]]
  branch = "master"
  name = "github.com/hashicorp/hcl"
  packages = [".","hcl/ast","hcl/parser","hcl/scanner","hcl/strconv","hcl/token","json/parser","json/scanner","json/token"]
  revision = "392dba7d905ed5d04a5794ba89f558b27e2ba1ca"

[[projects]]
  branch = "master"
  name = "github.com/mitchellh/mapstructure"
  packages = ["."]
  revision = "d0303fe809921458f417bcf828397a65db30a7e4"

[solve-meta]
  analyzer-name = "dep"
  analyzer-version = 1
  inputs-digest = "28cfb28c1279a8669c6f8cab515739ecfdb19bef8856f486d75d19a793ba32b9"
  solver-name = "gps-cdcl"
  solver-version = 1
