# This file is autogenerated, do not edit; changes may be undone by the next 'dep ensure'.


[[projects]]
  branch = "master"
  name = "github.com/aead/chacha20"
  packages = [".","chacha"]
  revision = "8d6ce0550041f9d97e7f15ec27ed489f8bbbb0fb"

[[projects]]
  branch = "master"
  name = "github.com/codahale/aesnicheck"
  packages = ["."]
  revision = "349fcc471aaccc29cd074e1275f1a494323826cd"

[[projects]]
  branch = "master"
  name = "github.com/flynn/go-shlex"
  packages = ["."]
  revision = "3f9db97f856818214da2e1057f8ad84803971cff"

[[projects]]
  branch = "master"
  name = "github.com/hashicorp/go-syslog"
  packages = ["."]
  revision = "b609c7d9de4658cded34a7336b90886c56f9dbdb"

[[projects]]
  branch = "master"
  name = "github.com/hashicorp/golang-lru"
  packages = [".","simplelru"]
  revision = "0a025b7e63adc15a622f29b0b2c4c3848243bbf6"

[[projects]]
  branch = "master"
  name = "github.com/hashicorp/hcl"
  packages = [".","hcl/ast","hcl/parser","hcl/scanner","hcl/strconv","hcl/token","json/parser","json/scanner","json/token"]
  revision = "392dba7d905ed5d04a5794ba89f558b27e2ba1ca"

[[projects]]
  branch = "master"
  name = "github.com/lucas-clemente/aes12"
  packages = ["."]
  revision = "25700e67be5c860bcc999137275b9ef8b65932bd"

[[projects]]
  branch = "master"
  name = "github.com/lucas-clemente/fnv128a"
  packages = ["."]
  revision = "393af48d391698c6ae4219566bfbdfef67269997"

[[projects]]
  name = "github.com/lucas-clemente/quic-go"
  packages = [".","ackhandler","congestion","crypto","flowcontrol","frames","h2quic","handshake","protocol","qerr","utils"]
  revision = "d51a4a1ba70df8c2d5c4522c071aaa225690a11d"
  version = "v0.5.0"

[[projects]]
  branch = "master"
  name = "github.com/lucas-clemente/quic-go-certificates"
  packages = ["."]
  revision = "d2f86524cced5186554df90d92529757d22c1cb6"

[[projects]]
  name = "github.com/mholt/caddy"
  packages = [".","caddyfile","caddyhttp/httpserver","caddyhttp/staticfiles","caddyhttp/templates","caddytls"]
  revision = "e7f08bff38988c3049b7fda301c52a681af63cd8"
  version = "v0.10.6"

[[projects]]
  branch = "master"
  name = "github.com/miekg/dns"
  packages = ["."]
  revision = "0f3adef2e2201d72e50309a36fc99d8a9d1a4960"

[[projects]]
  name = "github.com/russross/blackfriday"
  packages = ["."]
  revision = "0b647d0506a698cca42caca173e55559b12a69f2"
  version = "v1.4"

[[projects]]
  branch = "master"
  name = "github.com/shurcooL/sanitized_anchor_name"
  packages = ["."]
  revision = "541ff5ee47f1dddf6a5281af78307d921524bcb5"

[[projects]]
  name = "github.com/xenolf/lego"
  packages = ["acme"]
  revision = "192334c448f7e1e271bca93062f2f295cb3f35c8"
  version = "v0.4.0"

[[projects]]
  branch = "master"
  name = "golang.org/x/crypto"
  packages = ["curve25519","hkdf","ocsp"]
  revision = "42ff06aea7c329876e5a0fe94acc96902accf0ad"

[[projects]]
  branch = "master"
  name = "golang.org/x/net"
  packages = ["http2","http2/hpack","idna","lex/httplex","publicsuffix"]
  revision = "f5079bd7f6f74e23c4d65efa0f4ce14cbd6a3c0f"

[[projects]]
  branch = "master"
  name = "golang.org/x/text"
  packages = ["internal/gen","internal/triegen","internal/ucd","secure/bidirule","transform","unicode/bidi","unicode/cldr","unicode/norm","unicode/rangetable"]
  revision = "3bd178b88a8180be2df394a1fbb81313916f0e7b"

[[projects]]
  name = "gopkg.in/natefinch/lumberjack.v2"
  packages = ["."]
  revision = "a96e63847dc3c67d17befa69c303767e2f84e54f"
  version = "v2.1"

[[projects]]
  name = "gopkg.in/square/go-jose.v1"
  packages = [".","cipher","json"]
  revision = "aa2e30fdd1fe9dd3394119af66451ae790d50e0d"
  version = "v1.1.0"

[solve-meta]
  analyzer-name = "dep"
  analyzer-version = 1
  inputs-digest = "8d99459f32781abf93536693b731cfa415b610c58558d1b860cfe279454b2411"
  solver-name = "gps-cdcl"
  solver-version = 1
